<?xml version="1.0" encoding="utf-8"?>
<Project ToolsVersion="4.0" xmlns="http://schemas.microsoft.com/developer/msbuild/2003">
  <ItemGroup>
    <Filter Include="include">
      <UniqueIdentifier>{e16148ae-2a5d-46d7-a013-5ee885affe47}</UniqueIdentifier>
    </Filter>
    <Filter Include="include\define">
      <UniqueIdentifier>{5baceff8-198b-4300-ba93-621c3e12f477}</UniqueIdentifier>
    </Filter>
    <Filter Include="include\unit">
      <UniqueIdentifier>{f9b22a1c-e12c-4b15-b1e9-335a4871b045}</UniqueIdentifier>
    </Filter>
  </ItemGroup>
  <ItemGroup>
    <ClInclude Include="..\include\unit\get_parameters_number.h">
      <Filter>include\unit</Filter>
    </ClInclude>
    <ClInclude Include="..\include\unit\singleton_temp.h">
      <Filter>include\unit</Filter>
    </ClInclude>
    <ClInclude Include="data_interchange.h" />
    <ClInclude Include="..\include\define\data_interchange_define.h">
      <Filter>include\define</Filter>
    </ClInclude>
    <ClInclude Include="..\include\unit\socket_Tool.h">
      <Filter>include\unit</Filter>
    </ClInclude>
  </ItemGroup>
  <ItemGroup>
    <ClCompile Include="data_interchange.cpp" />
  </ItemGroup>
</Project>